
Microsoft Visual Studio Solution File, Format Version 12.00
# Visual Studio Version 17
VisualStudioVersion = 17.14.36109.1 d17.14
MinimumVisualStudioVersion = 10.0.40219.1
Project("{FAE04EC0-301F-11D3-BF4B-00C04F79EFBC}") = "Login_Service", "Login_Service\Login_Service.csproj", "{D7ECD931-43FC-492F-B269-45E0A78CE356}"
EndProject
Project("{FAE04EC0-301F-11D3-BF4B-00C04F79EFBC}") = "Domain", "Domain\Domain.csproj", "{4C84681E-0AC5-4306-B26C-F7FAD41D882A}"
EndProject
Project("{FAE04EC0-301F-11D3-BF4B-00C04F79EFBC}") = "Application", "Application\Application.csproj", "{F4F6778D-B5CB-4029-9E7D-2CCBC552E901}"
EndProject
Project("{FAE04EC0-301F-11D3-BF4B-00C04F79EFBC}") = "Infrastructure", "Infrastructure\Infrastructure.csproj", "{085F5476-50D7-4569-85B3-4A85175B3B36}"
EndProject
Global
	GlobalSection(SolutionConfigurationPlatforms) = preSolution
		Debug|Any CPU = Debug|Any CPU
		Release|Any CPU = Release|Any CPU
	EndGlobalSection
	GlobalSection(ProjectConfigurationPlatforms) = postSolution
		{D7ECD931-43FC-492F-B269-45E0A78CE356}.Debug|Any CPU.ActiveCfg = Debug|Any CPU
		{D7ECD931-43FC-492F-B269-45E0A78CE356}.Debug|Any CPU.Build.0 = Debug|Any CPU
		{D7ECD931-43FC-492F-B269-45E0A78CE356}.Release|Any CPU.ActiveCfg = Release|Any CPU
		{D7ECD931-43FC-492F-B269-45E0A78CE356}.Release|Any CPU.Build.0 = Release|Any CPU
		{4C84681E-0AC5-4306-B26C-F7FAD41D882A}.Debug|Any CPU.ActiveCfg = Debug|Any CPU
		{4C84681E-0AC5-4306-B26C-F7FAD41D882A}.Debug|Any CPU.Build.0 = Debug|Any CPU
		{4C84681E-0AC5-4306-B26C-F7FAD41D882A}.Release|Any CPU.ActiveCfg = Release|Any CPU
		{4C84681E-0AC5-4306-B26C-F7FAD41D882A}.Release|Any CPU.Build.0 = Release|Any CPU
		{F4F6778D-B5CB-4029-9E7D-2CCBC552E901}.Debug|Any CPU.ActiveCfg = Debug|Any CPU
		{F4F6778D-B5CB-4029-9E7D-2CCBC552E901}.Debug|Any CPU.Build.0 = Debug|Any CPU
		{F4F6778D-B5CB-4029-9E7D-2CCBC552E901}.Release|Any CPU.ActiveCfg = Release|Any CPU
		{F4F6778D-B5CB-4029-9E7D-2CCBC552E901}.Release|Any CPU.Build.0 = Release|Any CPU
		{085F5476-50D7-4569-85B3-4A85175B3B36}.Debug|Any CPU.ActiveCfg = Debug|Any CPU
		{085F5476-50D7-4569-85B3-4A85175B3B36}.Debug|Any CPU.Build.0 = Debug|Any CPU
		{085F5476-50D7-4569-85B3-4A85175B3B36}.Release|Any CPU.ActiveCfg = Release|Any CPU
		{085F5476-50D7-4569-85B3-4A85175B3B36}.Release|Any CPU.Build.0 = Release|Any CPU
	EndGlobalSection
	GlobalSection(SolutionProperties) = preSolution
		HideSolutionNode = FALSE
	EndGlobalSection
	GlobalSection(ExtensibilityGlobals) = postSolution
		SolutionGuid = {40E4025E-2BB0-450A-B912-4E2A21F84C1C}
	EndGlobalSection
EndGlobal
